// !$*UTF8*$!
{
	archiveVersion = 1;
	classes = {
	};
	objectVersion = 46;
	objects = {

/* Begin PBXBuildFile section */
		121F295B1E1599A00061AEE9 /* GoogleService-Info.plist in Resources */ = {isa = PBXBuildFile; fileRef = 121F295A1E1599A00061AEE9 /* GoogleService-Info.plist */; };
		128D84751E14BC0A00F1E0AA /* AppDelegate.swift in Sources */ = {isa = PBXBuildFile; fileRef = 128D84741E14BC0A00F1E0AA /* AppDelegate.swift */; };
		128D847A1E14BC0A00F1E0AA /* Main.storyboard in Resources */ = {isa = PBXBuildFile; fileRef = 128D84781E14BC0A00F1E0AA /* Main.storyboard */; };
		128D847C1E14BC0A00F1E0AA /* Assets.xcassets in Resources */ = {isa = PBXBuildFile; fileRef = 128D847B1E14BC0A00F1E0AA /* Assets.xcassets */; };
		128D847F1E14BC0A00F1E0AA /* LaunchScreen.storyboard in Resources */ = {isa = PBXBuildFile; fileRef = 128D847D1E14BC0A00F1E0AA /* LaunchScreen.storyboard */; };
		128D848A1E14BC0A00F1E0AA /* DevChatTests.swift in Sources */ = {isa = PBXBuildFile; fileRef = 128D84891E14BC0A00F1E0AA /* DevChatTests.swift */; };
		128D84951E14BC0A00F1E0AA /* DevChatUITests.swift in Sources */ = {isa = PBXBuildFile; fileRef = 128D84941E14BC0A00F1E0AA /* DevChatUITests.swift */; };
		128D84A41E14C17200F1E0AA /* PhotoCaptureDelegate.swift in Sources */ = {isa = PBXBuildFile; fileRef = 128D84A31E14C17200F1E0AA /* PhotoCaptureDelegate.swift */; };
		128D84A61E14C1AE00F1E0AA /* CameraViewController.swift in Sources */ = {isa = PBXBuildFile; fileRef = 128D84A51E14C1AE00F1E0AA /* CameraViewController.swift */; };
		128D84A91E14C20700F1E0AA /* PreviewView3.swift in Sources */ = {isa = PBXBuildFile; fileRef = 128D84A81E14C20700F1E0AA /* PreviewView3.swift */; };
		128D84AB1E15546800F1E0AA /* CameraViewVontroller_BackupViewController.swift in Sources */ = {isa = PBXBuildFile; fileRef = 128D84AA1E15546800F1E0AA /* CameraViewVontroller_BackupViewController.swift */; };
		128D84AD1E15766F00F1E0AA /* CameraVC.swift in Sources */ = {isa = PBXBuildFile; fileRef = 128D84AC1E15766F00F1E0AA /* CameraVC.swift */; };
		1295FCBD1E16E06600CACE91 /* UserCell.swift in Sources */ = {isa = PBXBuildFile; fileRef = 1295FCBC1E16E06600CACE91 /* UserCell.swift */; };
		1295FCC01E16E2C900CACE91 /* User.swift in Sources */ = {isa = PBXBuildFile; fileRef = 1295FCBF1E16E2C900CACE91 /* User.swift */; };
		1295FCC21E18734300CACE91 /* CameraViewControllerDelegate.swift in Sources */ = {isa = PBXBuildFile; fileRef = 1295FCC11E18734300CACE91 /* CameraViewControllerDelegate.swift */; };
		12D3D7B01E15DA730013C9E5 /* RoundTextField.swift in Sources */ = {isa = PBXBuildFile; fileRef = 12D3D7AF1E15DA730013C9E5 /* RoundTextField.swift */; };
		12D3D7B21E15DFA40013C9E5 /* RoundedButton.swift in Sources */ = {isa = PBXBuildFile; fileRef = 12D3D7B11E15DFA40013C9E5 /* RoundedButton.swift */; };
		12D3D7B41E15E3410013C9E5 /* LoginViewController.swift in Sources */ = {isa = PBXBuildFile; fileRef = 12D3D7B31E15E3410013C9E5 /* LoginViewController.swift */; };
		12D3D7B71E15E68A0013C9E5 /* AuthService.swift in Sources */ = {isa = PBXBuildFile; fileRef = 12D3D7B61E15E68A0013C9E5 /* AuthService.swift */; };
		12D3D7BB1E16DCBC0013C9E5 /* DataService.swift in Sources */ = {isa = PBXBuildFile; fileRef = 12D3D7BA1E16DCBC0013C9E5 /* DataService.swift */; };
		12D3D7BD1E16DF620013C9E5 /* UsersViewController.swift in Sources */ = {isa = PBXBuildFile; fileRef = 12D3D7BC1E16DF620013C9E5 /* UsersViewController.swift */; };
		B3B83EFED5B1E4AFD0D651B1 /* Pods_DevChat.framework in Frameworks */ = {isa = PBXBuildFile; fileRef = 5D1A531188FA1AF02728794D /* Pods_DevChat.framework */; };
/* End PBXBuildFile section */

/* Begin PBXContainerItemProxy section */
		128D84861E14BC0A00F1E0AA /* PBXContainerItemProxy */ = {
			isa = PBXContainerItemProxy;
			containerPortal = 128D84691E14BC0A00F1E0AA /* Project object */;
			proxyType = 1;
			remoteGlobalIDString = 128D84701E14BC0A00F1E0AA;
			remoteInfo = DevChat;
		};
		128D84911E14BC0A00F1E0AA /* PBXContainerItemProxy */ = {
			isa = PBXContainerItemProxy;
			containerPortal = 128D84691E14BC0A00F1E0AA /* Project object */;
			proxyType = 1;
			remoteGlobalIDString = 128D84701E14BC0A00F1E0AA;
			remoteInfo = DevChat;
		};
/* End PBXContainerItemProxy section */

/* Begin PBXFileReference section */
		121F295A1E1599A00061AEE9 /* GoogleService-Info.plist */ = {isa = PBXFileReference; fileEncoding = 4; lastKnownFileType = text.plist.xml; path = "GoogleService-Info.plist"; sourceTree = "<group>"; };
		128D84711E14BC0A00F1E0AA /* DevChat.app */ = {isa = PBXFileReference; explicitFileType = wrapper.application; includeInIndex = 0; path = DevChat.app; sourceTree = BUILT_PRODUCTS_DIR; };
		128D84741E14BC0A00F1E0AA /* AppDelegate.swift */ = {isa = PBXFileReference; lastKnownFileType = sourcecode.swift; path = AppDelegate.swift; sourceTree = "<group>"; };
		128D84791E14BC0A00F1E0AA /* Base */ = {isa = PBXFileReference; lastKnownFileType = file.storyboard; name = Base; path = Base.lproj/Main.storyboard; sourceTree = "<group>"; };
		128D847B1E14BC0A00F1E0AA /* Assets.xcassets */ = {isa = PBXFileReference; lastKnownFileType = folder.assetcatalog; path = Assets.xcassets; sourceTree = "<group>"; };
		128D847E1E14BC0A00F1E0AA /* Base */ = {isa = PBXFileReference; lastKnownFileType = file.storyboard; name = Base; path = Base.lproj/LaunchScreen.storyboard; sourceTree = "<group>"; };
		128D84801E14BC0A00F1E0AA /* Info.plist */ = {isa = PBXFileReference; lastKnownFileType = text.plist.xml; path = Info.plist; sourceTree = "<group>"; };
		128D84851E14BC0A00F1E0AA /* DevChatTests.xctest */ = {isa = PBXFileReference; explicitFileType = wrapper.cfbundle; includeInIndex = 0; path = DevChatTests.xctest; sourceTree = BUILT_PRODUCTS_DIR; };
		128D84891E14BC0A00F1E0AA /* DevChatTests.swift */ = {isa = PBXFileReference; lastKnownFileType = sourcecode.swift; path = DevChatTests.swift; sourceTree = "<group>"; };
		128D848B1E14BC0A00F1E0AA /* Info.plist */ = {isa = PBXFileReference; lastKnownFileType = text.plist.xml; path = Info.plist; sourceTree = "<group>"; };
		128D84901E14BC0A00F1E0AA /* DevChatUITests.xctest */ = {isa = PBXFileReference; explicitFileType = wrapper.cfbundle; includeInIndex = 0; path = DevChatUITests.xctest; sourceTree = BUILT_PRODUCTS_DIR; };
		128D84941E14BC0A00F1E0AA /* DevChatUITests.swift */ = {isa = PBXFileReference; lastKnownFileType = sourcecode.swift; path = DevChatUITests.swift; sourceTree = "<group>"; };
		128D84961E14BC0A00F1E0AA /* Info.plist */ = {isa = PBXFileReference; lastKnownFileType = text.plist.xml; path = Info.plist; sourceTree = "<group>"; };
		128D84A31E14C17200F1E0AA /* PhotoCaptureDelegate.swift */ = {isa = PBXFileReference; fileEncoding = 4; lastKnownFileType = sourcecode.swift; path = PhotoCaptureDelegate.swift; sourceTree = "<group>"; };
		128D84A51E14C1AE00F1E0AA /* CameraViewController.swift */ = {isa = PBXFileReference; fileEncoding = 4; lastKnownFileType = sourcecode.swift; path = CameraViewController.swift; sourceTree = "<group>"; };
		128D84A81E14C20700F1E0AA /* PreviewView3.swift */ = {isa = PBXFileReference; fileEncoding = 4; lastKnownFileType = sourcecode.swift; path = PreviewView3.swift; sourceTree = "<group>"; };
		128D84AA1E15546800F1E0AA /* CameraViewVontroller_BackupViewController.swift */ = {isa = PBXFileReference; fileEncoding = 4; lastKnownFileType = sourcecode.swift; path = CameraViewVontroller_BackupViewController.swift; sourceTree = "<group>"; };
		128D84AC1E15766F00F1E0AA /* CameraVC.swift */ = {isa = PBXFileReference; fileEncoding = 4; lastKnownFileType = sourcecode.swift; path = CameraVC.swift; sourceTree = "<group>"; };
		1295FCBC1E16E06600CACE91 /* UserCell.swift */ = {isa = PBXFileReference; fileEncoding = 4; lastKnownFileType = sourcecode.swift; path = UserCell.swift; sourceTree = "<group>"; };
		1295FCBF1E16E2C900CACE91 /* User.swift */ = {isa = PBXFileReference; fileEncoding = 4; lastKnownFileType = sourcecode.swift; path = User.swift; sourceTree = "<group>"; };
		1295FCC11E18734300CACE91 /* CameraViewControllerDelegate.swift */ = {isa = PBXFileReference; fileEncoding = 4; lastKnownFileType = sourcecode.swift; path = CameraViewControllerDelegate.swift; sourceTree = "<group>"; };
		12D3D7AF1E15DA730013C9E5 /* RoundTextField.swift */ = {isa = PBXFileReference; fileEncoding = 4; lastKnownFileType = sourcecode.swift; path = RoundTextField.swift; sourceTree = "<group>"; };
		12D3D7B11E15DFA40013C9E5 /* RoundedButton.swift */ = {isa = PBXFileReference; fileEncoding = 4; lastKnownFileType = sourcecode.swift; path = RoundedButton.swift; sourceTree = "<group>"; };
		12D3D7B31E15E3410013C9E5 /* LoginViewController.swift */ = {isa = PBXFileReference; fileEncoding = 4; lastKnownFileType = sourcecode.swift; path = LoginViewController.swift; sourceTree = "<group>"; };
		12D3D7B61E15E68A0013C9E5 /* AuthService.swift */ = {isa = PBXFileReference; fileEncoding = 4; lastKnownFileType = sourcecode.swift; path = AuthService.swift; sourceTree = "<group>"; };
		12D3D7BA1E16DCBC0013C9E5 /* DataService.swift */ = {isa = PBXFileReference; fileEncoding = 4; lastKnownFileType = sourcecode.swift; path = DataService.swift; sourceTree = "<group>"; };
		12D3D7BC1E16DF620013C9E5 /* UsersViewController.swift */ = {isa = PBXFileReference; fileEncoding = 4; lastKnownFileType = sourcecode.swift; path = UsersViewController.swift; sourceTree = "<group>"; };
		2CF85B8C9A837225866C611F /* Pods-DevChat.release.xcconfig */ = {isa = PBXFileReference; includeInIndex = 1; lastKnownFileType = text.xcconfig; name = "Pods-DevChat.release.xcconfig"; path = "Pods/Target Support Files/Pods-DevChat/Pods-DevChat.release.xcconfig"; sourceTree = "<group>"; };
		5D1A531188FA1AF02728794D /* Pods_DevChat.framework */ = {isa = PBXFileReference; explicitFileType = wrapper.framework; includeInIndex = 0; path = Pods_DevChat.framework; sourceTree = BUILT_PRODUCTS_DIR; };
		9F0FEE8EC4AA905150A7B91A /* Pods-DevChat.debug.xcconfig */ = {isa = PBXFileReference; includeInIndex = 1; lastKnownFileType = text.xcconfig; name = "Pods-DevChat.debug.xcconfig"; path = "Pods/Target Support Files/Pods-DevChat/Pods-DevChat.debug.xcconfig"; sourceTree = "<group>"; };
/* End PBXFileReference section */

/* Begin PBXFrameworksBuildPhase section */
		128D846E1E14BC0A00F1E0AA /* Frameworks */ = {
			isa = PBXFrameworksBuildPhase;
			buildActionMask = 2147483647;
			files = (
				B3B83EFED5B1E4AFD0D651B1 /* Pods_DevChat.framework in Frameworks */,
			);
			runOnlyForDeploymentPostprocessing = 0;
		};
		128D84821E14BC0A00F1E0AA /* Frameworks */ = {
			isa = PBXFrameworksBuildPhase;
			buildActionMask = 2147483647;
			files = (
			);
			runOnlyForDeploymentPostprocessing = 0;
		};
		128D848D1E14BC0A00F1E0AA /* Frameworks */ = {
			isa = PBXFrameworksBuildPhase;
			buildActionMask = 2147483647;
			files = (
			);
			runOnlyForDeploymentPostprocessing = 0;
		};
/* End PBXFrameworksBuildPhase section */

/* Begin PBXGroup section */
		128D84681E14BC0A00F1E0AA = {
			isa = PBXGroup;
			children = (
				128D84731E14BC0A00F1E0AA /* DevChat */,
				128D84881E14BC0A00F1E0AA /* DevChatTests */,
				128D84931E14BC0A00F1E0AA /* DevChatUITests */,
				128D84721E14BC0A00F1E0AA /* Products */,
				ED475F8C65738964A2317CBC /* Pods */,
				50DED0DDDB55BFFC9B50289F /* Frameworks */,
			);
			sourceTree = "<group>";
		};
		128D84721E14BC0A00F1E0AA /* Products */ = {
			isa = PBXGroup;
			children = (
				128D84711E14BC0A00F1E0AA /* DevChat.app */,
				128D84851E14BC0A00F1E0AA /* DevChatTests.xctest */,
				128D84901E14BC0A00F1E0AA /* DevChatUITests.xctest */,
			);
			name = Products;
			sourceTree = "<group>";
		};
		128D84731E14BC0A00F1E0AA /* DevChat */ = {
			isa = PBXGroup;
			children = (
				1295FCBE1E16E2C100CACE91 /* Model */,
				12D3D7B51E15E67E0013C9E5 /* Services */,
				12D3D7AE1E159A950013C9E5 /* Supporting Files */,
				12EF04C91E157D1800862026 /* Backup */,
				128D84A71E14C1F700F1E0AA /* View */,
				128D84A21E14BC1000F1E0AA /* Controller */,
				12D3D7B91E16C5BA0013C9E5 /* Delegates */,
			);
			path = DevChat;
			sourceTree = "<group>";
		};
		128D84881E14BC0A00F1E0AA /* DevChatTests */ = {
			isa = PBXGroup;
			children = (
				128D84891E14BC0A00F1E0AA /* DevChatTests.swift */,
				128D848B1E14BC0A00F1E0AA /* Info.plist */,
			);
			path = DevChatTests;
			sourceTree = "<group>";
		};
		128D84931E14BC0A00F1E0AA /* DevChatUITests */ = {
			isa = PBXGroup;
			children = (
				128D84941E14BC0A00F1E0AA /* DevChatUITests.swift */,
				128D84961E14BC0A00F1E0AA /* Info.plist */,
			);
			path = DevChatUITests;
			sourceTree = "<group>";
		};
		128D84A21E14BC1000F1E0AA /* Controller */ = {
			isa = PBXGroup;
			children = (
				128D84A51E14C1AE00F1E0AA /* CameraViewController.swift */,
				128D84AC1E15766F00F1E0AA /* CameraVC.swift */,
				12D3D7B31E15E3410013C9E5 /* LoginViewController.swift */,
				12D3D7BC1E16DF620013C9E5 /* UsersViewController.swift */,
			);
			name = Controller;
			sourceTree = "<group>";
		};
		128D84A71E14C1F700F1E0AA /* View */ = {
			isa = PBXGroup;
			children = (
				128D84781E14BC0A00F1E0AA /* Main.storyboard */,
				128D847D1E14BC0A00F1E0AA /* LaunchScreen.storyboard */,
				128D84A81E14C20700F1E0AA /* PreviewView3.swift */,
				12D3D7AF1E15DA730013C9E5 /* RoundTextField.swift */,
				12D3D7B11E15DFA40013C9E5 /* RoundedButton.swift */,
				1295FCBC1E16E06600CACE91 /* UserCell.swift */,
			);
			name = View;
			sourceTree = "<group>";
		};
		1295FCBE1E16E2C100CACE91 /* Model */ = {
			isa = PBXGroup;
			children = (
				1295FCBF1E16E2C900CACE91 /* User.swift */,
			);
			name = Model;
			sourceTree = "<group>";
		};
		12D3D7AE1E159A950013C9E5 /* Supporting Files */ = {
			isa = PBXGroup;
			children = (
				121F295A1E1599A00061AEE9 /* GoogleService-Info.plist */,
				128D84801E14BC0A00F1E0AA /* Info.plist */,
				128D847B1E14BC0A00F1E0AA /* Assets.xcassets */,
				128D84741E14BC0A00F1E0AA /* AppDelegate.swift */,
			);
			name = "Supporting Files";
			sourceTree = "<group>";
		};
		12D3D7B51E15E67E0013C9E5 /* Services */ = {
			isa = PBXGroup;
			children = (
				12D3D7B61E15E68A0013C9E5 /* AuthService.swift */,
				12D3D7BA1E16DCBC0013C9E5 /* DataService.swift */,
			);
			name = Services;
			path = ..;
			sourceTree = "<group>";
		};
		12D3D7B91E16C5BA0013C9E5 /* Delegates */ = {
			isa = PBXGroup;
			children = (
				128D84A31E14C17200F1E0AA /* PhotoCaptureDelegate.swift */,
				1295FCC11E18734300CACE91 /* CameraViewControllerDelegate.swift */,
			);
			name = Delegates;
			sourceTree = "<group>";
		};
		12EF04C91E157D1800862026 /* Backup */ = {
			isa = PBXGroup;
			children = (
				128D84AA1E15546800F1E0AA /* CameraViewVontroller_BackupViewController.swift */,
			);
			name = Backup;
			sourceTree = "<group>";
		};
		50DED0DDDB55BFFC9B50289F /* Frameworks */ = {
			isa = PBXGroup;
			children = (
				5D1A531188FA1AF02728794D /* Pods_DevChat.framework */,
			);
			name = Frameworks;
			sourceTree = "<group>";
		};
		ED475F8C65738964A2317CBC /* Pods */ = {
			isa = PBXGroup;
			children = (
				9F0FEE8EC4AA905150A7B91A /* Pods-DevChat.debug.xcconfig */,
				2CF85B8C9A837225866C611F /* Pods-DevChat.release.xcconfig */,
			);
			name = Pods;
			sourceTree = "<group>";
		};
/* End PBXGroup section */

/* Begin PBXNativeTarget section */
		128D84701E14BC0A00F1E0AA /* DevChat */ = {
			isa = PBXNativeTarget;
			buildConfigurationList = 128D84991E14BC0A00F1E0AA /* Build configuration list for PBXNativeTarget "DevChat" */;
			buildPhases = (
				3CE12D6539F7ED5C9F188208 /* [CP] Check Pods Manifest.lock */,
				128D846D1E14BC0A00F1E0AA /* Sources */,
				128D846E1E14BC0A00F1E0AA /* Frameworks */,
				128D846F1E14BC0A00F1E0AA /* Resources */,
				E82F82A177FEC39A61A8DD5A /* [CP] Embed Pods Frameworks */,
				9E20AF2A51E46D8D8BE5D5B6 /* [CP] Copy Pods Resources */,
			);
			buildRules = (
			);
			dependencies = (
			);
			name = DevChat;
			productName = DevChat;
			productReference = 128D84711E14BC0A00F1E0AA /* DevChat.app */;
			productType = "com.apple.product-type.application";
		};
		128D84841E14BC0A00F1E0AA /* DevChatTests */ = {
			isa = PBXNativeTarget;
			buildConfigurationList = 128D849C1E14BC0A00F1E0AA /* Build configuration list for PBXNativeTarget "DevChatTests" */;
			buildPhases = (
				128D84811E14BC0A00F1E0AA /* Sources */,
				128D84821E14BC0A00F1E0AA /* Frameworks */,
				128D84831E14BC0A00F1E0AA /* Resources */,
			);
			buildRules = (
			);
			dependencies = (
				128D84871E14BC0A00F1E0AA /* PBXTargetDependency */,
			);
			name = DevChatTests;
			productName = DevChatTests;
			productReference = 128D84851E14BC0A00F1E0AA /* DevChatTests.xctest */;
			productType = "com.apple.product-type.bundle.unit-test";
		};
		128D848F1E14BC0A00F1E0AA /* DevChatUITests */ = {
			isa = PBXNativeTarget;
			buildConfigurationList = 128D849F1E14BC0A00F1E0AA /* Build configuration list for PBXNativeTarget "DevChatUITests" */;
			buildPhases = (
				128D848C1E14BC0A00F1E0AA /* Sources */,
				128D848D1E14BC0A00F1E0AA /* Frameworks */,
				128D848E1E14BC0A00F1E0AA /* Resources */,
			);
			buildRules = (
			);
			dependencies = (
				128D84921E14BC0A00F1E0AA /* PBXTargetDependency */,
			);
			name = DevChatUITests;
			productName = DevChatUITests;
			productReference = 128D84901E14BC0A00F1E0AA /* DevChatUITests.xctest */;
			productType = "com.apple.product-type.bundle.ui-testing";
		};
/* End PBXNativeTarget section */

/* Begin PBXProject section */
		128D84691E14BC0A00F1E0AA /* Project object */ = {
			isa = PBXProject;
			attributes = {
				LastSwiftUpdateCheck = 0820;
				LastUpgradeCheck = 0820;
				ORGANIZATIONNAME = "Alfonso, Hector I.";
				TargetAttributes = {
					128D84701E14BC0A00F1E0AA = {
						CreatedOnToolsVersion = 8.2.1;
						DevelopmentTeam = 3X58GVHHHH;
						ProvisioningStyle = Automatic;
					};
					128D84841E14BC0A00F1E0AA = {
						CreatedOnToolsVersion = 8.2.1;
						DevelopmentTeam = 3X58GVHHHH;
						ProvisioningStyle = Automatic;
						TestTargetID = 128D84701E14BC0A00F1E0AA;
					};
					128D848F1E14BC0A00F1E0AA = {
						CreatedOnToolsVersion = 8.2.1;
						DevelopmentTeam = 3X58GVHHHH;
						ProvisioningStyle = Automatic;
						TestTargetID = 128D84701E14BC0A00F1E0AA;
					};
				};
			};
			buildConfigurationList = 128D846C1E14BC0A00F1E0AA /* Build configuration list for PBXProject "DevChat" */;
			compatibilityVersion = "Xcode 3.2";
			developmentRegion = English;
			hasScannedForEncodings = 0;
			knownRegions = (
				en,
				Base,
			);
			mainGroup = 128D84681E14BC0A00F1E0AA;
			productRefGroup = 128D84721E14BC0A00F1E0AA /* Products */;
			projectDirPath = "";
			projectRoot = "";
			targets = (
				128D84701E14BC0A00F1E0AA /* DevChat */,
				128D84841E14BC0A00F1E0AA /* DevChatTests */,
				128D848F1E14BC0A00F1E0AA /* DevChatUITests */,
			);
		};
/* End PBXProject section */

/* Begin PBXResourcesBuildPhase section */
		128D846F1E14BC0A00F1E0AA /* Resources */ = {
			isa = PBXResourcesBuildPhase;
			buildActionMask = 2147483647;
			files = (
				128D847F1E14BC0A00F1E0AA /* LaunchScreen.storyboard in Resources */,
				128D847C1E14BC0A00F1E0AA /* Assets.xcassets in Resources */,
				121F295B1E1599A00061AEE9 /* GoogleService-Info.plist in Resources */,
				128D847A1E14BC0A00F1E0AA /* Main.storyboard in Resources */,
			);
			runOnlyForDeploymentPostprocessing = 0;
		};
		128D84831E14BC0A00F1E0AA /* Resources */ = {
			isa = PBXResourcesBuildPhase;
			buildActionMask = 2147483647;
			files = (
			);
			runOnlyForDeploymentPostprocessing = 0;
		};
		128D848E1E14BC0A00F1E0AA /* Resources */ = {
			isa = PBXResourcesBuildPhase;
			buildActionMask = 2147483647;
			files = (
			);
			runOnlyForDeploymentPostprocessing = 0;
		};
/* End PBXResourcesBuildPhase section */

/* Begin PBXShellScriptBuildPhase section */
		3CE12D6539F7ED5C9F188208 /* [CP] Check Pods Manifest.lock */ = {
			isa = PBXShellScriptBuildPhase;
			buildActionMask = 2147483647;
			files = (
			);
			inputPaths = (
			);
			name = "[CP] Check Pods Manifest.lock";
			outputPaths = (
			);
			runOnlyForDeploymentPostprocessing = 0;
			shellPath = /bin/sh;
			shellScript = "diff \"${PODS_ROOT}/../Podfile.lock\" \"${PODS_ROOT}/Manifest.lock\" > /dev/null\nif [ $? != 0 ] ; then\n    # print error to STDERR\n    echo \"error: The sandbox is not in sync with the Podfile.lock. Run 'pod install' or update your CocoaPods installation.\" >&2\n    exit 1\nfi\n";
			showEnvVarsInLog = 0;
		};
		9E20AF2A51E46D8D8BE5D5B6 /* [CP] Copy Pods Resources */ = {
			isa = PBXShellScriptBuildPhase;
			buildActionMask = 2147483647;
			files = (
			);
			inputPaths = (
			);
			name = "[CP] Copy Pods Resources";
			outputPaths = (
			);
			runOnlyForDeploymentPostprocessing = 0;
			shellPath = /bin/sh;
			shellScript = "\"${SRCROOT}/Pods/Target Support Files/Pods-DevChat/Pods-DevChat-resources.sh\"\n";
			showEnvVarsInLog = 0;
		};
		E82F82A177FEC39A61A8DD5A /* [CP] Embed Pods Frameworks */ = {
			isa = PBXShellScriptBuildPhase;
			buildActionMask = 2147483647;
			files = (
			);
			inputPaths = (
			);
			name = "[CP] Embed Pods Frameworks";
			outputPaths = (
			);
			runOnlyForDeploymentPostprocessing = 0;
			shellPath = /bin/sh;
			shellScript = "\"${SRCROOT}/Pods/Target Support Files/Pods-DevChat/Pods-DevChat-frameworks.sh\"\n";
			showEnvVarsInLog = 0;
		};
/* End PBXShellScriptBuildPhase section */

/* Begin PBXSourcesBuildPhase section */
		128D846D1E14BC0A00F1E0AA /* Sources */ = {
			isa = PBXSourcesBuildPhase;
			buildActionMask = 2147483647;
			files = (
				12D3D7B41E15E3410013C9E5 /* LoginViewController.swift in Sources */,
				1295FCBD1E16E06600CACE91 /* UserCell.swift in Sources */,
				12D3D7BD1E16DF620013C9E5 /* UsersViewController.swift in Sources */,
				128D84A91E14C20700F1E0AA /* PreviewView3.swift in Sources */,
				128D84AD1E15766F00F1E0AA /* CameraVC.swift in Sources */,
				128D84A41E14C17200F1E0AA /* PhotoCaptureDelegate.swift in Sources */,
				1295FCC01E16E2C900CACE91 /* User.swift in Sources */,
				12D3D7B21E15DFA40013C9E5 /* RoundedButton.swift in Sources */,
				1295FCC21E18734300CACE91 /* CameraViewControllerDelegate.swift in Sources */,
				12D3D7BB1E16DCBC0013C9E5 /* DataService.swift in Sources */,
				12D3D7B01E15DA730013C9E5 /* RoundTextField.swift in Sources */,
				128D84A61E14C1AE00F1E0AA /* CameraViewController.swift in Sources */,
				12D3D7B71E15E68A0013C9E5 /* AuthService.swift in Sources */,
				128D84AB1E15546800F1E0AA /* CameraViewVontroller_BackupViewController.swift in Sources */,
				128D84751E14BC0A00F1E0AA /* AppDelegate.swift in Sources */,
			);
			runOnlyForDeploymentPostprocessing = 0;
		};
		128D84811E14BC0A00F1E0AA /* Sources */ = {
			isa = PBXSourcesBuildPhase;
			buildActionMask = 2147483647;
			files = (
				128D848A1E14BC0A00F1E0AA /* DevChatTests.swift in Sources */,
			);
			runOnlyForDeploymentPostprocessing = 0;
		};
		128D848C1E14BC0A00F1E0AA /* Sources */ = {
			isa = PBXSourcesBuildPhase;
			buildActionMask = 2147483647;
			files = (
				128D84951E14BC0A00F1E0AA /* DevChatUITests.swift in Sources */,
			);
			runOnlyForDeploymentPostprocessing = 0;
		};
/* End PBXSourcesBuildPhase section */

/* Begin PBXTargetDependency section */
		128D84871E14BC0A00F1E0AA /* PBXTargetDependency */ = {
			isa = PBXTargetDependency;
			target = 128D84701E14BC0A00F1E0AA /* DevChat */;
			targetProxy = 128D84861E14BC0A00F1E0AA /* PBXContainerItemProxy */;
		};
		128D84921E14BC0A00F1E0AA /* PBXTargetDependency */ = {
			isa = PBXTargetDependency;
			target = 128D84701E14BC0A00F1E0AA /* DevChat */;
			targetProxy = 128D84911E14BC0A00F1E0AA /* PBXContainerItemProxy */;
		};
/* End PBXTargetDependency section */

/* Begin PBXVariantGroup section */
		128D84781E14BC0A00F1E0AA /* Main.storyboard */ = {
			isa = PBXVariantGroup;
			children = (
				128D84791E14BC0A00F1E0AA /* Base */,
			);
			name = Main.storyboard;
			sourceTree = "<group>";
		};
		128D847D1E14BC0A00F1E0AA /* LaunchScreen.storyboard */ = {
			isa = PBXVariantGroup;
			children = (
				128D847E1E14BC0A00F1E0AA /* Base */,
			);
			name = LaunchScreen.storyboard;
			sourceTree = "<group>";
		};
/* End PBXVariantGroup section */

/* Begin XCBuildConfiguration section */
		128D84971E14BC0A00F1E0AA /* Debug */ = {
			isa = XCBuildConfiguration;
			buildSettings = {
				ALWAYS_SEARCH_USER_PATHS = NO;
				CLANG_ANALYZER_NONNULL = YES;
				CLANG_CXX_LANGUAGE_STANDARD = "gnu++0x";
				CLANG_CXX_LIBRARY = "libc++";
				CLANG_ENABLE_MODULES = YES;
				CLANG_ENABLE_OBJC_ARC = YES;
				CLANG_WARN_BOOL_CONVERSION = YES;
				CLANG_WARN_CONSTANT_CONVERSION = YES;
				CLANG_WARN_DIRECT_OBJC_ISA_USAGE = YES_ERROR;
				CLANG_WARN_DOCUMENTATION_COMMENTS = YES;
				CLANG_WARN_EMPTY_BODY = YES;
				CLANG_WARN_ENUM_CONVERSION = YES;
				CLANG_WARN_INFINITE_RECURSION = YES;
				CLANG_WARN_INT_CONVERSION = YES;
				CLANG_WARN_OBJC_ROOT_CLASS = YES_ERROR;
				CLANG_WARN_SUSPICIOUS_MOVE = YES;
				CLANG_WARN_UNREACHABLE_CODE = YES;
				CLANG_WARN__DUPLICATE_METHOD_MATCH = YES;
				"CODE_SIGN_IDENTITY[sdk=iphoneos*]" = "iPhone Developer";
				COPY_PHASE_STRIP = NO;
				DEBUG_INFORMATION_FORMAT = dwarf;
				ENABLE_STRICT_OBJC_MSGSEND = YES;
				ENABLE_TESTABILITY = YES;
				GCC_C_LANGUAGE_STANDARD = gnu99;
				GCC_DYNAMIC_NO_PIC = NO;
				GCC_NO_COMMON_BLOCKS = YES;
				GCC_OPTIMIZATION_LEVEL = 0;
				GCC_PREPROCESSOR_DEFINITIONS = (
					"DEBUG=1",
					"$(inherited)",
				);
				GCC_WARN_64_TO_32_BIT_CONVERSION = YES;
				GCC_WARN_ABOUT_RETURN_TYPE = YES_ERROR;
				GCC_WARN_UNDECLARED_SELECTOR = YES;
				GCC_WARN_UNINITIALIZED_AUTOS = YES_AGGRESSIVE;
				GCC_WARN_UNUSED_FUNCTION = YES;
				GCC_WARN_UNUSED_VARIABLE = YES;
				IPHONEOS_DEPLOYMENT_TARGET = 10.2;
				MTL_ENABLE_DEBUG_INFO = YES;
				ONLY_ACTIVE_ARCH = YES;
				SDKROOT = iphoneos;
				SWIFT_ACTIVE_COMPILATION_CONDITIONS = DEBUG;
				SWIFT_OPTIMIZATION_LEVEL = "-Onone";
				TARGETED_DEVICE_FAMILY = "1,2";
			};
			name = Debug;
		};
		128D84981E14BC0A00F1E0AA /* Release */ = {
			isa = XCBuildConfiguration;
			buildSettings = {
				ALWAYS_SEARCH_USER_PATHS = NO;
				CLANG_ANALYZER_NONNULL = YES;
				CLANG_CXX_LANGUAGE_STANDARD = "gnu++0x";
				CLANG_CXX_LIBRARY = "libc++";
				CLANG_ENABLE_MODULES = YES;
				CLANG_ENABLE_OBJC_ARC = YES;
				CLANG_WARN_BOOL_CONVERSION = YES;
				CLANG_WARN_CONSTANT_CONVERSION = YES;
				CLANG_WARN_DIRECT_OBJC_ISA_USAGE = YES_ERROR;
				CLANG_WARN_DOCUMENTATION_COMMENTS = YES;
				CLANG_WARN_EMPTY_BODY = YES;
				CLANG_WARN_ENUM_CONVERSION = YES;
				CLANG_WARN_INFINITE_RECURSION = YES;
				CLANG_WARN_INT_CONVERSION = YES;
				CLANG_WARN_OBJC_ROOT_CLASS = YES_ERROR;
				CLANG_WARN_SUSPICIOUS_MOVE = YES;
				CLANG_WARN_UNREACHABLE_CODE = YES;
				CLANG_WARN__DUPLICATE_METHOD_MATCH = YES;
				"CODE_SIGN_IDENTITY[sdk=iphoneos*]" = "iPhone Developer";
				COPY_PHASE_STRIP = NO;
				DEBUG_INFORMATION_FORMAT = "dwarf-with-dsym";
				ENABLE_NS_ASSERTIONS = NO;
				ENABLE_STRICT_OBJC_MSGSEND = YES;
				GCC_C_LANGUAGE_STANDARD = gnu99;
				GCC_NO_COMMON_BLOCKS = YES;
				GCC_WARN_64_TO_32_BIT_CONVERSION = YES;
				GCC_WARN_ABOUT_RETURN_TYPE = YES_ERROR;
				GCC_WARN_UNDECLARED_SELECTOR = YES;
				GCC_WARN_UNINITIALIZED_AUTOS = YES_AGGRESSIVE;
				GCC_WARN_UNUSED_FUNCTION = YES;
				GCC_WARN_UNUSED_VARIABLE = YES;
				IPHONEOS_DEPLOYMENT_TARGET = 10.2;
				MTL_ENABLE_DEBUG_INFO = NO;
				SDKROOT = iphoneos;
				SWIFT_OPTIMIZATION_LEVEL = "-Owholemodule";
				TARGETED_DEVICE_FAMILY = "1,2";
				VALIDATE_PRODUCT = YES;
			};
			name = Release;
		};
		128D849A1E14BC0A00F1E0AA /* Debug */ = {
			isa = XCBuildConfiguration;
			baseConfigurationReference = 9F0FEE8EC4AA905150A7B91A /* Pods-DevChat.debug.xcconfig */;
			buildSettings = {
				ASSETCATALOG_COMPILER_APPICON_NAME = AppIcon;
				DEVELOPMENT_TEAM = 3X58GVHHHH;
				INFOPLIST_FILE = DevChat/Info.plist;
				LD_RUNPATH_SEARCH_PATHS = "$(inherited) @executable_path/Frameworks";
				PRODUCT_BUNDLE_IDENTIFIER = nhac2.com.DevChat;
				PRODUCT_NAME = "$(TARGET_NAME)";
				SWIFT_VERSION = 3.0;
			};
			name = Debug;
		};
		128D849B1E14BC0A00F1E0AA /* Release */ = {
			isa = XCBuildConfiguration;
			baseConfigurationReference = 2CF85B8C9A837225866C611F /* Pods-DevChat.release.xcconfig */;
			buildSettings = {
				ASSETCATALOG_COMPILER_APPICON_NAME = AppIcon;
				DEVELOPMENT_TEAM = 3X58GVHHHH;
				INFOPLIST_FILE = DevChat/Info.plist;
				LD_RUNPATH_SEARCH_PATHS = "$(inherited) @executable_path/Frameworks";
				PRODUCT_BUNDLE_IDENTIFIER = nhac2.com.DevChat;
				PRODUCT_NAME = "$(TARGET_NAME)";
				SWIFT_VERSION = 3.0;
			};
			name = Release;
		};
		128D849D1E14BC0A00F1E0AA /* Debug */ = {
			isa = XCBuildConfiguration;
			buildSettings = {
				ALWAYS_EMBED_SWIFT_STANDARD_LIBRARIES = YES;
				BUNDLE_LOADER = "$(TEST_HOST)";
				DEVELOPMENT_TEAM = 3X58GVHHHH;
				INFOPLIST_FILE = DevChatTests/Info.plist;
				LD_RUNPATH_SEARCH_PATHS = "$(inherited) @executable_path/Frameworks @loader_path/Frameworks";
				PRODUCT_BUNDLE_IDENTIFIER = nhac2.com.DevChatTests;
				PRODUCT_NAME = "$(TARGET_NAME)";
				SWIFT_VERSION = 3.0;
				TEST_HOST = "$(BUILT_PRODUCTS_DIR)/DevChat.app/DevChat";
			};
			name = Debug;
		};
		128D849E1E14BC0A00F1E0AA /* Release */ = {
			isa = XCBuildConfiguration;
			buildSettings = {
				ALWAYS_EMBED_SWIFT_STANDARD_LIBRARIES = YES;
				BUNDLE_LOADER = "$(TEST_HOST)";
				DEVELOPMENT_TEAM = 3X58GVHHHH;
				INFOPLIST_FILE = DevChatTests/Info.plist;
				LD_RUNPATH_SEARCH_PATHS = "$(inherited) @executable_path/Frameworks @loader_path/Frameworks";
				PRODUCT_BUNDLE_IDENTIFIER = nhac2.com.DevChatTests;
				PRODUCT_NAME = "$(TARGET_NAME)";
				SWIFT_VERSION = 3.0;
				TEST_HOST = "$(BUILT_PRODUCTS_DIR)/DevChat.app/DevChat";
			};
			name = Release;
		};
		128D84A01E14BC0A00F1E0AA /* Debug */ = {
			isa = XCBuildConfiguration;
			buildSettings = {
				ALWAYS_EMBED_SWIFT_STANDARD_LIBRARIES = YES;
				DEVELOPMENT_TEAM = 3X58GVHHHH;
				INFOPLIST_FILE = DevChatUITests/Info.plist;
				LD_RUNPATH_SEARCH_PATHS = "$(inherited) @executable_path/Frameworks @loader_path/Frameworks";
				PRODUCT_BUNDLE_IDENTIFIER = nhac2.com.DevChatUITests;
				PRODUCT_NAME = "$(TARGET_NAME)";
				SWIFT_VERSION = 3.0;
				TEST_TARGET_NAME = DevChat;
			};
			name = Debug;
		};
		128D84A11E14BC0A00F1E0AA /* Release */ = {
			isa = XCBuildConfiguration;
			buildSettings = {
				ALWAYS_EMBED_SWIFT_STANDARD_LIBRARIES = YES;
				DEVELOPMENT_TEAM = 3X58GVHHHH;
				INFOPLIST_FILE = DevChatUITests/Info.plist;
				LD_RUNPATH_SEARCH_PATHS = "$(inherited) @executable_path/Frameworks @loader_path/Frameworks";
				PRODUCT_BUNDLE_IDENTIFIER = nhac2.com.DevChatUITests;
				PRODUCT_NAME = "$(TARGET_NAME)";
				SWIFT_VERSION = 3.0;
				TEST_TARGET_NAME = DevChat;
			};
			name = Release;
		};
/* End XCBuildConfiguration section */

/* Begin XCConfigurationList section */
		128D846C1E14BC0A00F1E0AA /* Build configuration list for PBXProject "DevChat" */ = {
			isa = XCConfigurationList;
			buildConfigurations = (
				128D84971E14BC0A00F1E0AA /* Debug */,
				128D84981E14BC0A00F1E0AA /* Release */,
			);
			defaultConfigurationIsVisible = 0;
			defaultConfigurationName = Release;
		};
		128D84991E14BC0A00F1E0AA /* Build configuration list for PBXNativeTarget "DevChat" */ = {
			isa = XCConfigurationList;
			buildConfigurations = (
				128D849A1E14BC0A00F1E0AA /* Debug */,
				128D849B1E14BC0A00F1E0AA /* Release */,
			);
			defaultConfigurationIsVisible = 0;
			defaultConfigurationName = Release;
		};
		128D849C1E14BC0A00F1E0AA /* Build configuration list for PBXNativeTarget "DevChatTests" */ = {
			isa = XCConfigurationList;
			buildConfigurations = (
				128D849D1E14BC0A00F1E0AA /* Debug */,
				128D849E1E14BC0A00F1E0AA /* Release */,
			);
			defaultConfigurationIsVisible = 0;
			defaultConfigurationName = Release;
		};
		128D849F1E14BC0A00F1E0AA /* Build configuration list for PBXNativeTarget "DevChatUITests" */ = {
			isa = XCConfigurationList;
			buildConfigurations = (
				128D84A01E14BC0A00F1E0AA /* Debug */,
				128D84A11E14BC0A00F1E0AA /* Release */,
			);
			defaultConfigurationIsVisible = 0;
			defaultConfigurationName = Release;
		};
/* End XCConfigurationList section */
	};
	rootObject = 128D84691E14BC0A00F1E0AA /* Project object */;
}
